
Microsoft Visual Studio Solution File, Format Version 12.00
# Visual Studio 14
VisualStudioVersion = 14.0.25420.1
MinimumVisualStudioVersion = 10.0.40219.1
Project("{FAE04EC0-301F-11D3-BF4B-00C04F79EFBC}") = "TestReport.SpecFlow", "TestReport.SpecFlow\TestReport.SpecFlow.csproj", "{FE66CAF7-097A-4876-BCE3-085D95F3A2E7}"
EndProject
Project("{FAE04EC0-301F-11D3-BF4B-00C04F79EFBC}") = "TestReport.UnitTest", "TestReport.UnitTest\TestReport.UnitTest.csproj", "{0E3D78EE-18C7-436D-B05D-D0F8CF11BF92}"
EndProject
Global
	GlobalSection(SolutionConfigurationPlatforms) = preSolution
		Debug|Any CPU = Debug|Any CPU
		Release|Any CPU = Release|Any CPU
	EndGlobalSection
	GlobalSection(ProjectConfigurationPlatforms) = postSolution
		{FE66CAF7-097A-4876-BCE3-085D95F3A2E7}.Debug|Any CPU.ActiveCfg = Debug|Any CPU
		{FE66CAF7-097A-4876-BCE3-085D95F3A2E7}.Debug|Any CPU.Build.0 = Debug|Any CPU
		{FE66CAF7-097A-4876-BCE3-085D95F3A2E7}.Release|Any CPU.ActiveCfg = Release|Any CPU
		{FE66CAF7-097A-4876-BCE3-085D95F3A2E7}.Release|Any CPU.Build.0 = Release|Any CPU
		{0E3D78EE-18C7-436D-B05D-D0F8CF11BF92}.Debug|Any CPU.ActiveCfg = Debug|Any CPU
		{0E3D78EE-18C7-436D-B05D-D0F8CF11BF92}.Debug|Any CPU.Build.0 = Debug|Any CPU
		{0E3D78EE-18C7-436D-B05D-D0F8CF11BF92}.Release|Any CPU.ActiveCfg = Release|Any CPU
		{0E3D78EE-18C7-436D-B05D-D0F8CF11BF92}.Release|Any CPU.Build.0 = Release|Any CPU
	EndGlobalSection
	GlobalSection(SolutionProperties) = preSolution
		HideSolutionNode = FALSE
	EndGlobalSection
EndGlobal
